
Microsoft Visual Studio Solution File, Format Version 12.00
# Visual Studio Version 16
VisualStudioVersion = 16.0.29230.47
MinimumVisualStudioVersion = 10.0.40219.1
Project("{FAE04EC0-301F-11D3-BF4B-00C04F79EFBC}") = "Task1", "Task1\Task1.csproj", "{BB594DF9-0257-4590-B329-26F88E586AE9}"
EndProject
Global
	GlobalSection(SolutionConfigurationPlatforms) = preSolution
		Debug|Any CPU = Debug|Any CPU
		Release|Any CPU = Release|Any CPU
	EndGlobalSection
	GlobalSection(ProjectConfigurationPlatforms) = postSolution
		{BB594DF9-0257-4590-B329-26F88E586AE9}.Debug|Any CPU.ActiveCfg = Debug|Any CPU
		{BB594DF9-0257-4590-B329-26F88E586AE9}.Debug|Any CPU.Build.0 = Debug|Any CPU
		{BB594DF9-0257-4590-B329-26F88E586AE9}.Release|Any CPU.ActiveCfg = Release|Any CPU
		{BB594DF9-0257-4590-B329-26F88E586AE9}.Release|Any CPU.Build.0 = Release|Any CPU
	EndGlobalSection
	GlobalSection(SolutionProperties) = preSolution
		HideSolutionNode = FALSE
	EndGlobalSection
	GlobalSection(ExtensibilityGlobals) = postSolution
		SolutionGuid = {478602A1-3155-49F9-8EFF-4B8443F733A2}
	EndGlobalSection
EndGlobal
