
Microsoft Visual Studio Solution File, Format Version 12.00
# Visual Studio Version 16
VisualStudioVersion = 16.0.29728.190
MinimumVisualStudioVersion = 10.0.40219.1
Project("{9A19103F-16F7-4668-BE54-9A1E7A4F7556}") = "Task18-19", "Task18-\Task18-19.csproj", "{79ABF53D-9509-480B-9BAB-B1BEE936D9B4}"
EndProject
Project("{FAE04EC0-301F-11D3-BF4B-00C04F79EFBC}") = "Task21-11", "Task21\Task21-11.csproj", "{E656F487-6E52-46F6-8B2F-AF4CE91D1A7D}"
EndProject
Global
	GlobalSection(SolutionConfigurationPlatforms) = preSolution
		Debug|Any CPU = Debug|Any CPU
		Release|Any CPU = Release|Any CPU
	EndGlobalSection
	GlobalSection(ProjectConfigurationPlatforms) = postSolution
		{79ABF53D-9509-480B-9BAB-B1BEE936D9B4}.Debug|Any CPU.ActiveCfg = Debug|Any CPU
		{79ABF53D-9509-480B-9BAB-B1BEE936D9B4}.Debug|Any CPU.Build.0 = Debug|Any CPU
		{79ABF53D-9509-480B-9BAB-B1BEE936D9B4}.Release|Any CPU.ActiveCfg = Release|Any CPU
		{79ABF53D-9509-480B-9BAB-B1BEE936D9B4}.Release|Any CPU.Build.0 = Release|Any CPU
		{E656F487-6E52-46F6-8B2F-AF4CE91D1A7D}.Debug|Any CPU.ActiveCfg = Debug|Any CPU
		{E656F487-6E52-46F6-8B2F-AF4CE91D1A7D}.Debug|Any CPU.Build.0 = Debug|Any CPU
		{E656F487-6E52-46F6-8B2F-AF4CE91D1A7D}.Release|Any CPU.ActiveCfg = Release|Any CPU
		{E656F487-6E52-46F6-8B2F-AF4CE91D1A7D}.Release|Any CPU.Build.0 = Release|Any CPU
	EndGlobalSection
	GlobalSection(SolutionProperties) = preSolution
		HideSolutionNode = FALSE
	EndGlobalSection
	GlobalSection(ExtensibilityGlobals) = postSolution
		SolutionGuid = {EB01AC65-EF50-4BDC-B15D-00B47A71968E}
	EndGlobalSection
EndGlobal
